// !$*UTF8*$!
{
	archiveVersion = 1;
	classes = {
	};
	objectVersion = 56;
	objects = {

/* Begin PBXBuildFile section */
		7516A2242904945E00FA0319 /* HeroHeaderUIView.swift in Sources */ = {isa = PBXBuildFile; fileRef = 7516A2232904945E00FA0319 /* HeroHeaderUIView.swift */; };
		755361F0290347B100127FA9 /* CollectionViewTableViewCell.swift in Sources */ = {isa = PBXBuildFile; fileRef = 755361EF290347B100127FA9 /* CollectionViewTableViewCell.swift */; };
		75C0DBB029020025007B98F6 /* AppDelegate.swift in Sources */ = {isa = PBXBuildFile; fileRef = 75C0DBAF29020025007B98F6 /* AppDelegate.swift */; };
		75C0DBB229020025007B98F6 /* SceneDelegate.swift in Sources */ = {isa = PBXBuildFile; fileRef = 75C0DBB129020025007B98F6 /* SceneDelegate.swift */; };
		75C0DBB429020025007B98F6 /* MainTabBarViewController.swift in Sources */ = {isa = PBXBuildFile; fileRef = 75C0DBB329020025007B98F6 /* MainTabBarViewController.swift */; };
		75C0DBB929020027007B98F6 /* Assets.xcassets in Resources */ = {isa = PBXBuildFile; fileRef = 75C0DBB829020027007B98F6 /* Assets.xcassets */; };
		75C0DBBC29020027007B98F6 /* LaunchScreen.storyboard in Resources */ = {isa = PBXBuildFile; fileRef = 75C0DBBA29020027007B98F6 /* LaunchScreen.storyboard */; };
		75C0DBC529020649007B98F6 /* HomeViewController.swift in Sources */ = {isa = PBXBuildFile; fileRef = 75C0DBC429020649007B98F6 /* HomeViewController.swift */; };
		75C0DBC729020692007B98F6 /* UpcomingViewController.swift in Sources */ = {isa = PBXBuildFile; fileRef = 75C0DBC629020692007B98F6 /* UpcomingViewController.swift */; };
		75C0DBC9290206CD007B98F6 /* SearchViewController.swift in Sources */ = {isa = PBXBuildFile; fileRef = 75C0DBC8290206CC007B98F6 /* SearchViewController.swift */; };
		75C0DBCB2902070F007B98F6 /* DownloadsViewController.swift in Sources */ = {isa = PBXBuildFile; fileRef = 75C0DBCA2902070F007B98F6 /* DownloadsViewController.swift */; };
		75CD3F0229072BA900061FE7 /* Extensions.swift in Sources */ = {isa = PBXBuildFile; fileRef = 75CD3F0129072BA900061FE7 /* Extensions.swift */; };
		75CD3F042907351100061FE7 /* Tv.swift in Sources */ = {isa = PBXBuildFile; fileRef = 75CD3F032907351100061FE7 /* Tv.swift */; };
		75DB52432905FD9400BFC15C /* APICaller.swift in Sources */ = {isa = PBXBuildFile; fileRef = 75DB52422905FD9400BFC15C /* APICaller.swift */; };
		75DB524529060D2F00BFC15C /* Title.swift in Sources */ = {isa = PBXBuildFile; fileRef = 75DB524429060D2F00BFC15C /* Title.swift */; };
/* End PBXBuildFile section */

/* Begin PBXFileReference section */
		7516A2232904945E00FA0319 /* HeroHeaderUIView.swift */ = {isa = PBXFileReference; lastKnownFileType = sourcecode.swift; path = HeroHeaderUIView.swift; sourceTree = "<group>"; };
		755361EF290347B100127FA9 /* CollectionViewTableViewCell.swift */ = {isa = PBXFileReference; lastKnownFileType = sourcecode.swift; path = CollectionViewTableViewCell.swift; sourceTree = "<group>"; };
		75C0DBAC29020025007B98F6 /* Netflix Clone.app */ = {isa = PBXFileReference; explicitFileType = wrapper.application; includeInIndex = 0; path = "Netflix Clone.app"; sourceTree = BUILT_PRODUCTS_DIR; };
		75C0DBAF29020025007B98F6 /* AppDelegate.swift */ = {isa = PBXFileReference; lastKnownFileType = sourcecode.swift; path = AppDelegate.swift; sourceTree = "<group>"; };
		75C0DBB129020025007B98F6 /* SceneDelegate.swift */ = {isa = PBXFileReference; lastKnownFileType = sourcecode.swift; path = SceneDelegate.swift; sourceTree = "<group>"; };
		75C0DBB329020025007B98F6 /* MainTabBarViewController.swift */ = {isa = PBXFileReference; lastKnownFileType = sourcecode.swift; path = MainTabBarViewController.swift; sourceTree = "<group>"; };
		75C0DBB829020027007B98F6 /* Assets.xcassets */ = {isa = PBXFileReference; lastKnownFileType = folder.assetcatalog; path = Assets.xcassets; sourceTree = "<group>"; };
		75C0DBBB29020027007B98F6 /* Base */ = {isa = PBXFileReference; lastKnownFileType = file.storyboard; name = Base; path = Base.lproj/LaunchScreen.storyboard; sourceTree = "<group>"; };
		75C0DBBD29020027007B98F6 /* Info.plist */ = {isa = PBXFileReference; lastKnownFileType = text.plist.xml; path = Info.plist; sourceTree = "<group>"; };
		75C0DBC429020649007B98F6 /* HomeViewController.swift */ = {isa = PBXFileReference; lastKnownFileType = sourcecode.swift; path = HomeViewController.swift; sourceTree = "<group>"; };
		75C0DBC629020692007B98F6 /* UpcomingViewController.swift */ = {isa = PBXFileReference; lastKnownFileType = sourcecode.swift; path = UpcomingViewController.swift; sourceTree = "<group>"; };
		75C0DBC8290206CC007B98F6 /* SearchViewController.swift */ = {isa = PBXFileReference; lastKnownFileType = sourcecode.swift; path = SearchViewController.swift; sourceTree = "<group>"; };
		75C0DBCA2902070F007B98F6 /* DownloadsViewController.swift */ = {isa = PBXFileReference; lastKnownFileType = sourcecode.swift; path = DownloadsViewController.swift; sourceTree = "<group>"; };
		75CD3F0129072BA900061FE7 /* Extensions.swift */ = {isa = PBXFileReference; lastKnownFileType = sourcecode.swift; path = Extensions.swift; sourceTree = "<group>"; };
		75CD3F032907351100061FE7 /* Tv.swift */ = {isa = PBXFileReference; lastKnownFileType = sourcecode.swift; path = Tv.swift; sourceTree = "<group>"; };
		75DB52422905FD9400BFC15C /* APICaller.swift */ = {isa = PBXFileReference; lastKnownFileType = sourcecode.swift; path = APICaller.swift; sourceTree = "<group>"; };
		75DB524429060D2F00BFC15C /* Title.swift */ = {isa = PBXFileReference; lastKnownFileType = sourcecode.swift; path = Title.swift; sourceTree = "<group>"; };
/* End PBXFileReference section */

/* Begin PBXFrameworksBuildPhase section */
		75C0DBA929020025007B98F6 /* Frameworks */ = {
			isa = PBXFrameworksBuildPhase;
			buildActionMask = 2147483647;
			files = (
			);
			runOnlyForDeploymentPostprocessing = 0;
		};
/* End PBXFrameworksBuildPhase section */

/* Begin PBXGroup section */
		755361EA2903473300127FA9 /* ViewModels */ = {
			isa = PBXGroup;
			children = (
			);
			path = ViewModels;
			sourceTree = "<group>";
		};
		755361EB2903474A00127FA9 /* Views */ = {
			isa = PBXGroup;
			children = (
				755361EF290347B100127FA9 /* CollectionViewTableViewCell.swift */,
				7516A2232904945E00FA0319 /* HeroHeaderUIView.swift */,
			);
			path = Views;
			sourceTree = "<group>";
		};
		755361EC2903475400127FA9 /* Models */ = {
			isa = PBXGroup;
			children = (
				75DB524429060D2F00BFC15C /* Title.swift */,
				75CD3F032907351100061FE7 /* Tv.swift */,
			);
			path = Models;
			sourceTree = "<group>";
		};
		755361ED2903475F00127FA9 /* Resources */ = {
			isa = PBXGroup;
			children = (
				75CD3F0129072BA900061FE7 /* Extensions.swift */,
			);
			path = Resources;
			sourceTree = "<group>";
		};
		755361EE2903476F00127FA9 /* Managers */ = {
			isa = PBXGroup;
			children = (
				75DB52422905FD9400BFC15C /* APICaller.swift */,
			);
			path = Managers;
			sourceTree = "<group>";
		};
		75C0DBA329020025007B98F6 = {
			isa = PBXGroup;
			children = (
				75C0DBAE29020025007B98F6 /* Netflix Clone */,
				75C0DBAD29020025007B98F6 /* Products */,
			);
			sourceTree = "<group>";
		};
		75C0DBAD29020025007B98F6 /* Products */ = {
			isa = PBXGroup;
			children = (
				75C0DBAC29020025007B98F6 /* Netflix Clone.app */,
			);
			name = Products;
			sourceTree = "<group>";
		};
		75C0DBAE29020025007B98F6 /* Netflix Clone */ = {
			isa = PBXGroup;
			children = (
				755361EE2903476F00127FA9 /* Managers */,
				755361ED2903475F00127FA9 /* Resources */,
				755361EC2903475400127FA9 /* Models */,
				755361EB2903474A00127FA9 /* Views */,
				755361EA2903473300127FA9 /* ViewModels */,
				75C0DBC329020620007B98F6 /* Controllers */,
				75C0DBAF29020025007B98F6 /* AppDelegate.swift */,
				75C0DBB129020025007B98F6 /* SceneDelegate.swift */,
				75C0DBB329020025007B98F6 /* MainTabBarViewController.swift */,
				75C0DBB829020027007B98F6 /* Assets.xcassets */,
				75C0DBBA29020027007B98F6 /* LaunchScreen.storyboard */,
				75C0DBBD29020027007B98F6 /* Info.plist */,
			);
			path = "Netflix Clone";
			sourceTree = "<group>";
		};
		75C0DBC329020620007B98F6 /* Controllers */ = {
			isa = PBXGroup;
			children = (
				75C0DBC429020649007B98F6 /* HomeViewController.swift */,
				75C0DBC629020692007B98F6 /* UpcomingViewController.swift */,
				75C0DBC8290206CC007B98F6 /* SearchViewController.swift */,
				75C0DBCA2902070F007B98F6 /* DownloadsViewController.swift */,
			);
			path = Controllers;
			sourceTree = "<group>";
		};
/* End PBXGroup section */

/* Begin PBXNativeTarget section */
		75C0DBAB29020025007B98F6 /* Netflix Clone */ = {
			isa = PBXNativeTarget;
			buildConfigurationList = 75C0DBC029020027007B98F6 /* Build configuration list for PBXNativeTarget "Netflix Clone" */;
			buildPhases = (
				75C0DBA829020025007B98F6 /* Sources */,
				75C0DBA929020025007B98F6 /* Frameworks */,
				75C0DBAA29020025007B98F6 /* Resources */,
			);
			buildRules = (
			);
			dependencies = (
			);
			name = "Netflix Clone";
			productName = "Netflix Clone";
			productReference = 75C0DBAC29020025007B98F6 /* Netflix Clone.app */;
			productType = "com.apple.product-type.application";
		};
/* End PBXNativeTarget section */

/* Begin PBXProject section */
		75C0DBA429020025007B98F6 /* Project object */ = {
			isa = PBXProject;
			attributes = {
				BuildIndependentTargetsInParallel = 1;
				LastSwiftUpdateCheck = 1400;
				LastUpgradeCheck = 1400;
				TargetAttributes = {
					75C0DBAB29020025007B98F6 = {
						CreatedOnToolsVersion = 14.0.1;
					};
				};
			};
			buildConfigurationList = 75C0DBA729020025007B98F6 /* Build configuration list for PBXProject "Netflix Clone" */;
			compatibilityVersion = "Xcode 14.0";
			developmentRegion = en;
			hasScannedForEncodings = 0;
			knownRegions = (
				en,
				Base,
			);
			mainGroup = 75C0DBA329020025007B98F6;
			productRefGroup = 75C0DBAD29020025007B98F6 /* Products */;
			projectDirPath = "";
			projectRoot = "";
			targets = (
				75C0DBAB29020025007B98F6 /* Netflix Clone */,
			);
		};
/* End PBXProject section */

/* Begin PBXResourcesBuildPhase section */
		75C0DBAA29020025007B98F6 /* Resources */ = {
			isa = PBXResourcesBuildPhase;
			buildActionMask = 2147483647;
			files = (
				75C0DBBC29020027007B98F6 /* LaunchScreen.storyboard in Resources */,
				75C0DBB929020027007B98F6 /* Assets.xcassets in Resources */,
			);
			runOnlyForDeploymentPostprocessing = 0;
		};
/* End PBXResourcesBuildPhase section */

/* Begin PBXSourcesBuildPhase section */
		75C0DBA829020025007B98F6 /* Sources */ = {
			isa = PBXSourcesBuildPhase;
			buildActionMask = 2147483647;
			files = (
				75C0DBC9290206CD007B98F6 /* SearchViewController.swift in Sources */,
				75C0DBB429020025007B98F6 /* MainTabBarViewController.swift in Sources */,
				755361F0290347B100127FA9 /* CollectionViewTableViewCell.swift in Sources */,
				75DB52432905FD9400BFC15C /* APICaller.swift in Sources */,
				7516A2242904945E00FA0319 /* HeroHeaderUIView.swift in Sources */,
				75C0DBCB2902070F007B98F6 /* DownloadsViewController.swift in Sources */,
				75C0DBB029020025007B98F6 /* AppDelegate.swift in Sources */,
				75CD3F0229072BA900061FE7 /* Extensions.swift in Sources */,
				75C0DBB229020025007B98F6 /* SceneDelegate.swift in Sources */,
				75C0DBC729020692007B98F6 /* UpcomingViewController.swift in Sources */,
				75DB524529060D2F00BFC15C /* Title.swift in Sources */,
				75CD3F042907351100061FE7 /* Tv.swift in Sources */,
				75C0DBC529020649007B98F6 /* HomeViewController.swift in Sources */,
			);
			runOnlyForDeploymentPostprocessing = 0;
		};
/* End PBXSourcesBuildPhase section */

/* Begin PBXVariantGroup section */
		75C0DBBA29020027007B98F6 /* LaunchScreen.storyboard */ = {
			isa = PBXVariantGroup;
			children = (
				75C0DBBB29020027007B98F6 /* Base */,
			);
			name = LaunchScreen.storyboard;
			sourceTree = "<group>";
		};
/* End PBXVariantGroup section */

/* Begin XCBuildConfiguration section */
		75C0DBBE29020027007B98F6 /* Debug */ = {
			isa = XCBuildConfiguration;
			buildSettings = {
				ALWAYS_SEARCH_USER_PATHS = NO;
				CLANG_ANALYZER_NONNULL = YES;
				CLANG_ANALYZER_NUMBER_OBJECT_CONVERSION = YES_AGGRESSIVE;
				CLANG_CXX_LANGUAGE_STANDARD = "gnu++20";
				CLANG_ENABLE_MODULES = YES;
				CLANG_ENABLE_OBJC_ARC = YES;
				CLANG_ENABLE_OBJC_WEAK = YES;
				CLANG_WARN_BLOCK_CAPTURE_AUTORELEASING = YES;
				CLANG_WARN_BOOL_CONVERSION = YES;
				CLANG_WARN_COMMA = YES;
				CLANG_WARN_CONSTANT_CONVERSION = YES;
				CLANG_WARN_DEPRECATED_OBJC_IMPLEMENTATIONS = YES;
				CLANG_WARN_DIRECT_OBJC_ISA_USAGE = YES_ERROR;
				CLANG_WARN_DOCUMENTATION_COMMENTS = YES;
				CLANG_WARN_EMPTY_BODY = YES;
				CLANG_WARN_ENUM_CONVERSION = YES;
				CLANG_WARN_INFINITE_RECURSION = YES;
				CLANG_WARN_INT_CONVERSION = YES;
				CLANG_WARN_NON_LITERAL_NULL_CONVERSION = YES;
				CLANG_WARN_OBJC_IMPLICIT_RETAIN_SELF = YES;
				CLANG_WARN_OBJC_LITERAL_CONVERSION = YES;
				CLANG_WARN_OBJC_ROOT_CLASS = YES_ERROR;
				CLANG_WARN_QUOTED_INCLUDE_IN_FRAMEWORK_HEADER = YES;
				CLANG_WARN_RANGE_LOOP_ANALYSIS = YES;
				CLANG_WARN_STRICT_PROTOTYPES = YES;
				CLANG_WARN_SUSPICIOUS_MOVE = YES;
				CLANG_WARN_UNGUARDED_AVAILABILITY = YES_AGGRESSIVE;
				CLANG_WARN_UNREACHABLE_CODE = YES;
				CLANG_WARN__DUPLICATE_METHOD_MATCH = YES;
				COPY_PHASE_STRIP = NO;
				DEBUG_INFORMATION_FORMAT = dwarf;
				ENABLE_STRICT_OBJC_MSGSEND = YES;
				ENABLE_TESTABILITY = YES;
				GCC_C_LANGUAGE_STANDARD = gnu11;
				GCC_DYNAMIC_NO_PIC = NO;
				GCC_NO_COMMON_BLOCKS = YES;
				GCC_OPTIMIZATION_LEVEL = 0;
				GCC_PREPROCESSOR_DEFINITIONS = (
					"DEBUG=1",
					"$(inherited)",
				);
				GCC_WARN_64_TO_32_BIT_CONVERSION = YES;
				GCC_WARN_ABOUT_RETURN_TYPE = YES_ERROR;
				GCC_WARN_UNDECLARED_SELECTOR = YES;
				GCC_WARN_UNINITIALIZED_AUTOS = YES_AGGRESSIVE;
				GCC_WARN_UNUSED_FUNCTION = YES;
				GCC_WARN_UNUSED_VARIABLE = YES;
				IPHONEOS_DEPLOYMENT_TARGET = 16.0;
				MTL_ENABLE_DEBUG_INFO = INCLUDE_SOURCE;
				MTL_FAST_MATH = YES;
				ONLY_ACTIVE_ARCH = YES;
				SDKROOT = iphoneos;
				SWIFT_ACTIVE_COMPILATION_CONDITIONS = DEBUG;
				SWIFT_OPTIMIZATION_LEVEL = "-Onone";
			};
			name = Debug;
		};
		75C0DBBF29020027007B98F6 /* Release */ = {
			isa = XCBuildConfiguration;
			buildSettings = {
				ALWAYS_SEARCH_USER_PATHS = NO;
				CLANG_ANALYZER_NONNULL = YES;
				CLANG_ANALYZER_NUMBER_OBJECT_CONVERSION = YES_AGGRESSIVE;
				CLANG_CXX_LANGUAGE_STANDARD = "gnu++20";
				CLANG_ENABLE_MODULES = YES;
				CLANG_ENABLE_OBJC_ARC = YES;
				CLANG_ENABLE_OBJC_WEAK = YES;
				CLANG_WARN_BLOCK_CAPTURE_AUTORELEASING = YES;
				CLANG_WARN_BOOL_CONVERSION = YES;
				CLANG_WARN_COMMA = YES;
				CLANG_WARN_CONSTANT_CONVERSION = YES;
				CLANG_WARN_DEPRECATED_OBJC_IMPLEMENTATIONS = YES;
				CLANG_WARN_DIRECT_OBJC_ISA_USAGE = YES_ERROR;
				CLANG_WARN_DOCUMENTATION_COMMENTS = YES;
				CLANG_WARN_EMPTY_BODY = YES;
				CLANG_WARN_ENUM_CONVERSION = YES;
				CLANG_WARN_INFINITE_RECURSION = YES;
				CLANG_WARN_INT_CONVERSION = YES;
				CLANG_WARN_NON_LITERAL_NULL_CONVERSION = YES;
				CLANG_WARN_OBJC_IMPLICIT_RETAIN_SELF = YES;
				CLANG_WARN_OBJC_LITERAL_CONVERSION = YES;
				CLANG_WARN_OBJC_ROOT_CLASS = YES_ERROR;
				CLANG_WARN_QUOTED_INCLUDE_IN_FRAMEWORK_HEADER = YES;
				CLANG_WARN_RANGE_LOOP_ANALYSIS = YES;
				CLANG_WARN_STRICT_PROTOTYPES = YES;
				CLANG_WARN_SUSPICIOUS_MOVE = YES;
				CLANG_WARN_UNGUARDED_AVAILABILITY = YES_AGGRESSIVE;
				CLANG_WARN_UNREACHABLE_CODE = YES;
				CLANG_WARN__DUPLICATE_METHOD_MATCH = YES;
				COPY_PHASE_STRIP = NO;
				DEBUG_INFORMATION_FORMAT = "dwarf-with-dsym";
				ENABLE_NS_ASSERTIONS = NO;
				ENABLE_STRICT_OBJC_MSGSEND = YES;
				GCC_C_LANGUAGE_STANDARD = gnu11;
				GCC_NO_COMMON_BLOCKS = YES;
				GCC_WARN_64_TO_32_BIT_CONVERSION = YES;
				GCC_WARN_ABOUT_RETURN_TYPE = YES_ERROR;
				GCC_WARN_UNDECLARED_SELECTOR = YES;
				GCC_WARN_UNINITIALIZED_AUTOS = YES_AGGRESSIVE;
				GCC_WARN_UNUSED_FUNCTION = YES;
				GCC_WARN_UNUSED_VARIABLE = YES;
				IPHONEOS_DEPLOYMENT_TARGET = 16.0;
				MTL_ENABLE_DEBUG_INFO = NO;
				MTL_FAST_MATH = YES;
				SDKROOT = iphoneos;
				SWIFT_COMPILATION_MODE = wholemodule;
				SWIFT_OPTIMIZATION_LEVEL = "-O";
				VALIDATE_PRODUCT = YES;
			};
			name = Release;
		};
		75C0DBC129020027007B98F6 /* Debug */ = {
			isa = XCBuildConfiguration;
			buildSettings = {
				ASSETCATALOG_COMPILER_APPICON_NAME = AppIcon;
				ASSETCATALOG_COMPILER_GLOBAL_ACCENT_COLOR_NAME = AccentColor;
				CODE_SIGN_STYLE = Automatic;
				CURRENT_PROJECT_VERSION = 1;
				DEVELOPMENT_TEAM = VM55LWG8PP;
				GENERATE_INFOPLIST_FILE = YES;
				INFOPLIST_FILE = "Netflix Clone/Info.plist";
				INFOPLIST_KEY_UIApplicationSupportsIndirectInputEvents = YES;
				INFOPLIST_KEY_UILaunchStoryboardName = LaunchScreen;
				INFOPLIST_KEY_UISupportedInterfaceOrientations_iPad = "UIInterfaceOrientationPortrait UIInterfaceOrientationPortraitUpsideDown UIInterfaceOrientationLandscapeLeft UIInterfaceOrientationLandscapeRight";
				INFOPLIST_KEY_UISupportedInterfaceOrientations_iPhone = "UIInterfaceOrientationPortrait UIInterfaceOrientationLandscapeLeft UIInterfaceOrientationLandscapeRight";
				LD_RUNPATH_SEARCH_PATHS = (
					"$(inherited)",
					"@executable_path/Frameworks",
				);
				MARKETING_VERSION = 1.0;
				PRODUCT_BUNDLE_IDENTIFIER = "com.elizeurs.Netflix-Clone";
				PRODUCT_NAME = "$(TARGET_NAME)";
				SWIFT_EMIT_LOC_STRINGS = YES;
				SWIFT_VERSION = 5.0;
				TARGETED_DEVICE_FAMILY = "1,2";
			};
			name = Debug;
		};
		75C0DBC229020027007B98F6 /* Release */ = {
			isa = XCBuildConfiguration;
			buildSettings = {
				ASSETCATALOG_COMPILER_APPICON_NAME = AppIcon;
				ASSETCATALOG_COMPILER_GLOBAL_ACCENT_COLOR_NAME = AccentColor;
				CODE_SIGN_STYLE = Automatic;
				CURRENT_PROJECT_VERSION = 1;
				DEVELOPMENT_TEAM = VM55LWG8PP;
				GENERATE_INFOPLIST_FILE = YES;
				INFOPLIST_FILE = "Netflix Clone/Info.plist";
				INFOPLIST_KEY_UIApplicationSupportsIndirectInputEvents = YES;
				INFOPLIST_KEY_UILaunchStoryboardName = LaunchScreen;
				INFOPLIST_KEY_UISupportedInterfaceOrientations_iPad = "UIInterfaceOrientationPortrait UIInterfaceOrientationPortraitUpsideDown UIInterfaceOrientationLandscapeLeft UIInterfaceOrientationLandscapeRight";
				INFOPLIST_KEY_UISupportedInterfaceOrientations_iPhone = "UIInterfaceOrientationPortrait UIInterfaceOrientationLandscapeLeft UIInterfaceOrientationLandscapeRight";
				LD_RUNPATH_SEARCH_PATHS = (
					"$(inherited)",
					"@executable_path/Frameworks",
				);
				MARKETING_VERSION = 1.0;
				PRODUCT_BUNDLE_IDENTIFIER = "com.elizeurs.Netflix-Clone";
				PRODUCT_NAME = "$(TARGET_NAME)";
				SWIFT_EMIT_LOC_STRINGS = YES;
				SWIFT_VERSION = 5.0;
				TARGETED_DEVICE_FAMILY = "1,2";
			};
			name = Release;
		};
/* End XCBuildConfiguration section */

/* Begin XCConfigurationList section */
		75C0DBA729020025007B98F6 /* Build configuration list for PBXProject "Netflix Clone" */ = {
			isa = XCConfigurationList;
			buildConfigurations = (
				75C0DBBE29020027007B98F6 /* Debug */,
				75C0DBBF29020027007B98F6 /* Release */,
			);
			defaultConfigurationIsVisible = 0;
			defaultConfigurationName = Release;
		};
		75C0DBC029020027007B98F6 /* Build configuration list for PBXNativeTarget "Netflix Clone" */ = {
			isa = XCConfigurationList;
			buildConfigurations = (
				75C0DBC129020027007B98F6 /* Debug */,
				75C0DBC229020027007B98F6 /* Release */,
			);
			defaultConfigurationIsVisible = 0;
			defaultConfigurationName = Release;
		};
/* End XCConfigurationList section */
	};
	rootObject = 75C0DBA429020025007B98F6 /* Project object */;
}
