// !$*UTF8*$!
{
	archiveVersion = 1;
	classes = {
	};
	objectVersion = 56;
	objects = {

/* Begin PBXBuildFile section */
		7516A2242904945E00FA0319 /* HeroHeaderUIView.swift in Sources */ = {isa = PBXBuildFile; fileRef = 7516A2232904945E00FA0319 /* HeroHeaderUIView.swift */; };
		753ECC4F2908A695003EEEC7 /* TitleTableViewCell.swift in Sources */ = {isa = PBXBuildFile; fileRef = 753ECC4E2908A695003EEEC7 /* TitleTableViewCell.swift */; };
		754FEB9C2909B2CE004E332D /* TitleViewModel.swift in Sources */ = {isa = PBXBuildFile; fileRef = 754FEB9B2909B2CE004E332D /* TitleViewModel.swift */; };
		7552D7292911D74300162E17 /* NetflixCloneModel.xcdatamodeld in Sources */ = {isa = PBXBuildFile; fileRef = 7552D7272911D74300162E17 /* NetflixCloneModel.xcdatamodeld */; };
		7552D72B2911E01400162E17 /* DataPersistenceManager.swift in Sources */ = {isa = PBXBuildFile; fileRef = 7552D72A2911E01400162E17 /* DataPersistenceManager.swift */; };
		755361F0290347B100127FA9 /* CollectionViewTableViewCell.swift in Sources */ = {isa = PBXBuildFile; fileRef = 755361EF290347B100127FA9 /* CollectionViewTableViewCell.swift */; };
		7577E088290DB5D200C54B0C /* TitlePreviewViewController.swift in Sources */ = {isa = PBXBuildFile; fileRef = 7577E087290DB5D200C54B0C /* TitlePreviewViewController.swift */; };
		7577E08A290DE18E00C54B0C /* TitlePreviewViewModel.swift in Sources */ = {isa = PBXBuildFile; fileRef = 7577E089290DE18E00C54B0C /* TitlePreviewViewModel.swift */; };
		75AB6658290B2E3400063D40 /* SearchResultsViewController.swift in Sources */ = {isa = PBXBuildFile; fileRef = 75AB6657290B2E3400063D40 /* SearchResultsViewController.swift */; };
		75C0DBB029020025007B98F6 /* AppDelegate.swift in Sources */ = {isa = PBXBuildFile; fileRef = 75C0DBAF29020025007B98F6 /* AppDelegate.swift */; };
		75C0DBB229020025007B98F6 /* SceneDelegate.swift in Sources */ = {isa = PBXBuildFile; fileRef = 75C0DBB129020025007B98F6 /* SceneDelegate.swift */; };
		75C0DBB429020025007B98F6 /* MainTabBarViewController.swift in Sources */ = {isa = PBXBuildFile; fileRef = 75C0DBB329020025007B98F6 /* MainTabBarViewController.swift */; };
		75C0DBB929020027007B98F6 /* Assets.xcassets in Resources */ = {isa = PBXBuildFile; fileRef = 75C0DBB829020027007B98F6 /* Assets.xcassets */; };
		75C0DBBC29020027007B98F6 /* LaunchScreen.storyboard in Resources */ = {isa = PBXBuildFile; fileRef = 75C0DBBA29020027007B98F6 /* LaunchScreen.storyboard */; };
		75C0DBC529020649007B98F6 /* HomeViewController.swift in Sources */ = {isa = PBXBuildFile; fileRef = 75C0DBC429020649007B98F6 /* HomeViewController.swift */; };
		75C0DBC729020692007B98F6 /* UpcomingViewController.swift in Sources */ = {isa = PBXBuildFile; fileRef = 75C0DBC629020692007B98F6 /* UpcomingViewController.swift */; };
		75C0DBC9290206CD007B98F6 /* SearchViewController.swift in Sources */ = {isa = PBXBuildFile; fileRef = 75C0DBC8290206CC007B98F6 /* SearchViewController.swift */; };
		75C0DBCB2902070F007B98F6 /* DownloadsViewController.swift in Sources */ = {isa = PBXBuildFile; fileRef = 75C0DBCA2902070F007B98F6 /* DownloadsViewController.swift */; };
		75CD3F0229072BA900061FE7 /* Extensions.swift in Sources */ = {isa = PBXBuildFile; fileRef = 75CD3F0129072BA900061FE7 /* Extensions.swift */; };
		75CD3F042907351100061FE7 /* Tv.swift in Sources */ = {isa = PBXBuildFile; fileRef = 75CD3F032907351100061FE7 /* Tv.swift */; };
		75CD3F0629075B2400061FE7 /* TitleCollectionViewCell.swift in Sources */ = {isa = PBXBuildFile; fileRef = 75CD3F0529075B2400061FE7 /* TitleCollectionViewCell.swift */; };
		75CD3F0929075C9B00061FE7 /* SDWebImage in Frameworks */ = {isa = PBXBuildFile; productRef = 75CD3F0829075C9B00061FE7 /* SDWebImage */; };
		75CD3F0B29075C9B00061FE7 /* SDWebImageMapKit in Frameworks */ = {isa = PBXBuildFile; productRef = 75CD3F0A29075C9B00061FE7 /* SDWebImageMapKit */; };
		75DB52432905FD9400BFC15C /* APICaller.swift in Sources */ = {isa = PBXBuildFile; fileRef = 75DB52422905FD9400BFC15C /* APICaller.swift */; };
		75DB524529060D2F00BFC15C /* Title.swift in Sources */ = {isa = PBXBuildFile; fileRef = 75DB524429060D2F00BFC15C /* Title.swift */; };
		75E4D785290C9B31003476C7 /* YoutubeSearchResponse.swift in Sources */ = {isa = PBXBuildFile; fileRef = 75E4D784290C9B31003476C7 /* YoutubeSearchResponse.swift */; };
/* End PBXBuildFile section */

/* Begin PBXFileReference section */
		7516A2232904945E00FA0319 /* HeroHeaderUIView.swift */ = {isa = PBXFileReference; lastKnownFileType = sourcecode.swift; path = HeroHeaderUIView.swift; sourceTree = "<group>"; };
		753ECC4E2908A695003EEEC7 /* TitleTableViewCell.swift */ = {isa = PBXFileReference; lastKnownFileType = sourcecode.swift; path = TitleTableViewCell.swift; sourceTree = "<group>"; };
		754FEB9B2909B2CE004E332D /* TitleViewModel.swift */ = {isa = PBXFileReference; lastKnownFileType = sourcecode.swift; path = TitleViewModel.swift; sourceTree = "<group>"; };
		7552D7282911D74300162E17 /* NetflixCloneModel.xcdatamodel */ = {isa = PBXFileReference; lastKnownFileType = wrapper.xcdatamodel; path = NetflixCloneModel.xcdatamodel; sourceTree = "<group>"; };
		7552D72A2911E01400162E17 /* DataPersistenceManager.swift */ = {isa = PBXFileReference; lastKnownFileType = sourcecode.swift; path = DataPersistenceManager.swift; sourceTree = "<group>"; };
		755361EF290347B100127FA9 /* CollectionViewTableViewCell.swift */ = {isa = PBXFileReference; lastKnownFileType = sourcecode.swift; path = CollectionViewTableViewCell.swift; sourceTree = "<group>"; };
		7577E087290DB5D200C54B0C /* TitlePreviewViewController.swift */ = {isa = PBXFileReference; lastKnownFileType = sourcecode.swift; path = TitlePreviewViewController.swift; sourceTree = "<group>"; };
		7577E089290DE18E00C54B0C /* TitlePreviewViewModel.swift */ = {isa = PBXFileReference; lastKnownFileType = sourcecode.swift; path = TitlePreviewViewModel.swift; sourceTree = "<group>"; };
		75AB6657290B2E3400063D40 /* SearchResultsViewController.swift */ = {isa = PBXFileReference; lastKnownFileType = sourcecode.swift; path = SearchResultsViewController.swift; sourceTree = "<group>"; };
		75C0DBAC29020025007B98F6 /* Netflix Clone.app */ = {isa = PBXFileReference; explicitFileType = wrapper.application; includeInIndex = 0; path = "Netflix Clone.app"; sourceTree = BUILT_PRODUCTS_DIR; };
		75C0DBAF29020025007B98F6 /* AppDelegate.swift */ = {isa = PBXFileReference; lastKnownFileType = sourcecode.swift; path = AppDelegate.swift; sourceTree = "<group>"; };
		75C0DBB129020025007B98F6 /* SceneDelegate.swift */ = {isa = PBXFileReference; lastKnownFileType = sourcecode.swift; path = SceneDelegate.swift; sourceTree = "<group>"; };
		75C0DBB329020025007B98F6 /* MainTabBarViewController.swift */ = {isa = PBXFileReference; lastKnownFileType = sourcecode.swift; path = MainTabBarViewController.swift; sourceTree = "<group>"; };
		75C0DBB829020027007B98F6 /* Assets.xcassets */ = {isa = PBXFileReference; lastKnownFileType = folder.assetcatalog; path = Assets.xcassets; sourceTree = "<group>"; };
		75C0DBBB29020027007B98F6 /* Base */ = {isa = PBXFileReference; lastKnownFileType = file.storyboard; name = Base; path = Base.lproj/LaunchScreen.storyboard; sourceTree = "<group>"; };
		75C0DBBD29020027007B98F6 /* Info.plist */ = {isa = PBXFileReference; lastKnownFileType = text.plist.xml; path = Info.plist; sourceTree = "<group>"; };
		75C0DBC429020649007B98F6 /* HomeViewController.swift */ = {isa = PBXFileReference; lastKnownFileType = sourcecode.swift; path = HomeViewController.swift; sourceTree = "<group>"; };
		75C0DBC629020692007B98F6 /* UpcomingViewController.swift */ = {isa = PBXFileReference; lastKnownFileType = sourcecode.swift; path = UpcomingViewController.swift; sourceTree = "<group>"; };
		75C0DBC8290206CC007B98F6 /* SearchViewController.swift */ = {isa = PBXFileReference; lastKnownFileType = sourcecode.swift; path = SearchViewController.swift; sourceTree = "<group>"; };
		75C0DBCA2902070F007B98F6 /* DownloadsViewController.swift */ = {isa = PBXFileReference; lastKnownFileType = sourcecode.swift; path = DownloadsViewController.swift; sourceTree = "<group>"; };
		75CD3F0129072BA900061FE7 /* Extensions.swift */ = {isa = PBXFileReference; lastKnownFileType = sourcecode.swift; path = Extensions.swift; sourceTree = "<group>"; };
		75CD3F032907351100061FE7 /* Tv.swift */ = {isa = PBXFileReference; lastKnownFileType = sourcecode.swift; path = Tv.swift; sourceTree = "<group>"; };
		75CD3F0529075B2400061FE7 /* TitleCollectionViewCell.swift */ = {isa = PBXFileReference; lastKnownFileType = sourcecode.swift; path = TitleCollectionViewCell.swift; sourceTree = "<group>"; };
		75DB52422905FD9400BFC15C /* APICaller.swift */ = {isa = PBXFileReference; lastKnownFileType = sourcecode.swift; path = APICaller.swift; sourceTree = "<group>"; };
		75DB524429060D2F00BFC15C /* Title.swift */ = {isa = PBXFileReference; lastKnownFileType = sourcecode.swift; path = Title.swift; sourceTree = "<group>"; };
		75E4D784290C9B31003476C7 /* YoutubeSearchResponse.swift */ = {isa = PBXFileReference; lastKnownFileType = sourcecode.swift; path = YoutubeSearchResponse.swift; sourceTree = "<group>"; };
/* End PBXFileReference section */

/* Begin PBXFrameworksBuildPhase section */
		75C0DBA929020025007B98F6 /* Frameworks */ = {
			isa = PBXFrameworksBuildPhase;
			buildActionMask = 2147483647;
			files = (
				75CD3F0B29075C9B00061FE7 /* SDWebImageMapKit in Frameworks */,
				75CD3F0929075C9B00061FE7 /* SDWebImage in Frameworks */,
			);
			runOnlyForDeploymentPostprocessing = 0;
		};
/* End PBXFrameworksBuildPhase section */

/* Begin PBXGroup section */
		755361EA2903473300127FA9 /* ViewModels */ = {
			isa = PBXGroup;
			children = (
				754FEB9B2909B2CE004E332D /* TitleViewModel.swift */,
				7577E089290DE18E00C54B0C /* TitlePreviewViewModel.swift */,
			);
			path = ViewModels;
			sourceTree = "<group>";
		};
		755361EB2903474A00127FA9 /* Views */ = {
			isa = PBXGroup;
			children = (
				755361EF290347B100127FA9 /* CollectionViewTableViewCell.swift */,
				7516A2232904945E00FA0319 /* HeroHeaderUIView.swift */,
				75CD3F0529075B2400061FE7 /* TitleCollectionViewCell.swift */,
				753ECC4E2908A695003EEEC7 /* TitleTableViewCell.swift */,
			);
			path = Views;
			sourceTree = "<group>";
		};
		755361EC2903475400127FA9 /* Models */ = {
			isa = PBXGroup;
			children = (
				75DB524429060D2F00BFC15C /* Title.swift */,
				75CD3F032907351100061FE7 /* Tv.swift */,
				75E4D784290C9B31003476C7 /* YoutubeSearchResponse.swift */,
			);
			path = Models;
			sourceTree = "<group>";
		};
		755361ED2903475F00127FA9 /* Resources */ = {
			isa = PBXGroup;
			children = (
				75CD3F0129072BA900061FE7 /* Extensions.swift */,
			);
			path = Resources;
			sourceTree = "<group>";
		};
		755361EE2903476F00127FA9 /* Managers */ = {
			isa = PBXGroup;
			children = (
				75DB52422905FD9400BFC15C /* APICaller.swift */,
				7552D72A2911E01400162E17 /* DataPersistenceManager.swift */,
			);
			path = Managers;
			sourceTree = "<group>";
		};
		75AB6655290B2D2D00063D40 /* Core */ = {
			isa = PBXGroup;
			children = (
				75C0DBC429020649007B98F6 /* HomeViewController.swift */,
				75C0DBC629020692007B98F6 /* UpcomingViewController.swift */,
				75C0DBC8290206CC007B98F6 /* SearchViewController.swift */,
				75C0DBCA2902070F007B98F6 /* DownloadsViewController.swift */,
			);
			path = Core;
			sourceTree = "<group>";
		};
		75AB6656290B2DC300063D40 /* General */ = {
			isa = PBXGroup;
			children = (
				75AB6657290B2E3400063D40 /* SearchResultsViewController.swift */,
				7577E087290DB5D200C54B0C /* TitlePreviewViewController.swift */,
			);
			path = General;
			sourceTree = "<group>";
		};
		75C0DBA329020025007B98F6 = {
			isa = PBXGroup;
			children = (
				75C0DBAE29020025007B98F6 /* Netflix Clone */,
				75C0DBAD29020025007B98F6 /* Products */,
			);
			sourceTree = "<group>";
		};
		75C0DBAD29020025007B98F6 /* Products */ = {
			isa = PBXGroup;
			children = (
				75C0DBAC29020025007B98F6 /* Netflix Clone.app */,
			);
			name = Products;
			sourceTree = "<group>";
		};
		75C0DBAE29020025007B98F6 /* Netflix Clone */ = {
			isa = PBXGroup;
			children = (
				755361EE2903476F00127FA9 /* Managers */,
				755361ED2903475F00127FA9 /* Resources */,
				755361EC2903475400127FA9 /* Models */,
				755361EB2903474A00127FA9 /* Views */,
				755361EA2903473300127FA9 /* ViewModels */,
				75C0DBC329020620007B98F6 /* Controllers */,
				75C0DBAF29020025007B98F6 /* AppDelegate.swift */,
				75C0DBB129020025007B98F6 /* SceneDelegate.swift */,
				75C0DBB329020025007B98F6 /* MainTabBarViewController.swift */,
				75C0DBB829020027007B98F6 /* Assets.xcassets */,
				75C0DBBA29020027007B98F6 /* LaunchScreen.storyboard */,
				75C0DBBD29020027007B98F6 /* Info.plist */,
				7552D7272911D74300162E17 /* NetflixCloneModel.xcdatamodeld */,
			);
			path = "Netflix Clone";
			sourceTree = "<group>";
		};
		75C0DBC329020620007B98F6 /* Controllers */ = {
			isa = PBXGroup;
			children = (
				75AB6656290B2DC300063D40 /* General */,
				75AB6655290B2D2D00063D40 /* Core */,
			);
			path = Controllers;
			sourceTree = "<group>";
		};
/* End PBXGroup section */

/* Begin PBXNativeTarget section */
		75C0DBAB29020025007B98F6 /* Netflix Clone */ = {
			isa = PBXNativeTarget;
			buildConfigurationList = 75C0DBC029020027007B98F6 /* Build configuration list for PBXNativeTarget "Netflix Clone" */;
			buildPhases = (
				75C0DBA829020025007B98F6 /* Sources */,
				75C0DBA929020025007B98F6 /* Frameworks */,
				75C0DBAA29020025007B98F6 /* Resources */,
			);
			buildRules = (
			);
			dependencies = (
			);
			name = "Netflix Clone";
			packageProductDependencies = (
				75CD3F0829075C9B00061FE7 /* SDWebImage */,
				75CD3F0A29075C9B00061FE7 /* SDWebImageMapKit */,
			);
			productName = "Netflix Clone";
			productReference = 75C0DBAC29020025007B98F6 /* Netflix Clone.app */;
			productType = "com.apple.product-type.application";
		};
/* End PBXNativeTarget section */

/* Begin PBXProject section */
		75C0DBA429020025007B98F6 /* Project object */ = {
			isa = PBXProject;
			attributes = {
				BuildIndependentTargetsInParallel = 1;
				LastSwiftUpdateCheck = 1400;
				LastUpgradeCheck = 1400;
				TargetAttributes = {
					75C0DBAB29020025007B98F6 = {
						CreatedOnToolsVersion = 14.0.1;
					};
				};
			};
			buildConfigurationList = 75C0DBA729020025007B98F6 /* Build configuration list for PBXProject "Netflix Clone" */;
			compatibilityVersion = "Xcode 14.0";
			developmentRegion = en;
			hasScannedForEncodings = 0;
			knownRegions = (
				en,
				Base,
			);
			mainGroup = 75C0DBA329020025007B98F6;
			packageReferences = (
				75CD3F0729075C9B00061FE7 /* XCRemoteSwiftPackageReference "SDWebImage" */,
			);
			productRefGroup = 75C0DBAD29020025007B98F6 /* Products */;
			projectDirPath = "";
			projectRoot = "";
			targets = (
				75C0DBAB29020025007B98F6 /* Netflix Clone */,
			);
		};
/* End PBXProject section */

/* Begin PBXResourcesBuildPhase section */
		75C0DBAA29020025007B98F6 /* Resources */ = {
			isa = PBXResourcesBuildPhase;
			buildActionMask = 2147483647;
			files = (
				75C0DBBC29020027007B98F6 /* LaunchScreen.storyboard in Resources */,
				75C0DBB929020027007B98F6 /* Assets.xcassets in Resources */,
			);
			runOnlyForDeploymentPostprocessing = 0;
		};
/* End PBXResourcesBuildPhase section */

/* Begin PBXSourcesBuildPhase section */
		75C0DBA829020025007B98F6 /* Sources */ = {
			isa = PBXSourcesBuildPhase;
			buildActionMask = 2147483647;
			files = (
				75C0DBC9290206CD007B98F6 /* SearchViewController.swift in Sources */,
				75AB6658290B2E3400063D40 /* SearchResultsViewController.swift in Sources */,
				75C0DBB429020025007B98F6 /* MainTabBarViewController.swift in Sources */,
				755361F0290347B100127FA9 /* CollectionViewTableViewCell.swift in Sources */,
				75DB52432905FD9400BFC15C /* APICaller.swift in Sources */,
				7516A2242904945E00FA0319 /* HeroHeaderUIView.swift in Sources */,
				75C0DBCB2902070F007B98F6 /* DownloadsViewController.swift in Sources */,
				75C0DBB029020025007B98F6 /* AppDelegate.swift in Sources */,
				75CD3F0629075B2400061FE7 /* TitleCollectionViewCell.swift in Sources */,
				7577E088290DB5D200C54B0C /* TitlePreviewViewController.swift in Sources */,
				75CD3F0229072BA900061FE7 /* Extensions.swift in Sources */,
				75C0DBB229020025007B98F6 /* SceneDelegate.swift in Sources */,
				753ECC4F2908A695003EEEC7 /* TitleTableViewCell.swift in Sources */,
				75E4D785290C9B31003476C7 /* YoutubeSearchResponse.swift in Sources */,
				75C0DBC729020692007B98F6 /* UpcomingViewController.swift in Sources */,
				7552D7292911D74300162E17 /* NetflixCloneModel.xcdatamodeld in Sources */,
				75DB524529060D2F00BFC15C /* Title.swift in Sources */,
				754FEB9C2909B2CE004E332D /* TitleViewModel.swift in Sources */,
				75CD3F042907351100061FE7 /* Tv.swift in Sources */,
				7577E08A290DE18E00C54B0C /* TitlePreviewViewModel.swift in Sources */,
				75C0DBC529020649007B98F6 /* HomeViewController.swift in Sources */,
				7552D72B2911E01400162E17 /* DataPersistenceManager.swift in Sources */,
			);
			runOnlyForDeploymentPostprocessing = 0;
		};
/* End PBXSourcesBuildPhase section */

/* Begin PBXVariantGroup section */
		75C0DBBA29020027007B98F6 /* LaunchScreen.storyboard */ = {
			isa = PBXVariantGroup;
			children = (
				75C0DBBB29020027007B98F6 /* Base */,
			);
			name = LaunchScreen.storyboard;
			sourceTree = "<group>";
		};
/* End PBXVariantGroup section */

/* Begin XCBuildConfiguration section */
		75C0DBBE29020027007B98F6 /* Debug */ = {
			isa = XCBuildConfiguration;
			buildSettings = {
				ALWAYS_SEARCH_USER_PATHS = NO;
				CLANG_ANALYZER_NONNULL = YES;
				CLANG_ANALYZER_NUMBER_OBJECT_CONVERSION = YES_AGGRESSIVE;
				CLANG_CXX_LANGUAGE_STANDARD = "gnu++20";
				CLANG_ENABLE_MODULES = YES;
				CLANG_ENABLE_OBJC_ARC = YES;
				CLANG_ENABLE_OBJC_WEAK = YES;
				CLANG_WARN_BLOCK_CAPTURE_AUTORELEASING = YES;
				CLANG_WARN_BOOL_CONVERSION = YES;
				CLANG_WARN_COMMA = YES;
				CLANG_WARN_CONSTANT_CONVERSION = YES;
				CLANG_WARN_DEPRECATED_OBJC_IMPLEMENTATIONS = YES;
				CLANG_WARN_DIRECT_OBJC_ISA_USAGE = YES_ERROR;
				CLANG_WARN_DOCUMENTATION_COMMENTS = YES;
				CLANG_WARN_EMPTY_BODY = YES;
				CLANG_WARN_ENUM_CONVERSION = YES;
				CLANG_WARN_INFINITE_RECURSION = YES;
				CLANG_WARN_INT_CONVERSION = YES;
				CLANG_WARN_NON_LITERAL_NULL_CONVERSION = YES;
				CLANG_WARN_OBJC_IMPLICIT_RETAIN_SELF = YES;
				CLANG_WARN_OBJC_LITERAL_CONVERSION = YES;
				CLANG_WARN_OBJC_ROOT_CLASS = YES_ERROR;
				CLANG_WARN_QUOTED_INCLUDE_IN_FRAMEWORK_HEADER = YES;
				CLANG_WARN_RANGE_LOOP_ANALYSIS = YES;
				CLANG_WARN_STRICT_PROTOTYPES = YES;
				CLANG_WARN_SUSPICIOUS_MOVE = YES;
				CLANG_WARN_UNGUARDED_AVAILABILITY = YES_AGGRESSIVE;
				CLANG_WARN_UNREACHABLE_CODE = YES;
				CLANG_WARN__DUPLICATE_METHOD_MATCH = YES;
				COPY_PHASE_STRIP = NO;
				DEBUG_INFORMATION_FORMAT = dwarf;
				ENABLE_STRICT_OBJC_MSGSEND = YES;
				ENABLE_TESTABILITY = YES;
				GCC_C_LANGUAGE_STANDARD = gnu11;
				GCC_DYNAMIC_NO_PIC = NO;
				GCC_NO_COMMON_BLOCKS = YES;
				GCC_OPTIMIZATION_LEVEL = 0;
				GCC_PREPROCESSOR_DEFINITIONS = (
					"DEBUG=1",
					"$(inherited)",
				);
				GCC_WARN_64_TO_32_BIT_CONVERSION = YES;
				GCC_WARN_ABOUT_RETURN_TYPE = YES_ERROR;
				GCC_WARN_UNDECLARED_SELECTOR = YES;
				GCC_WARN_UNINITIALIZED_AUTOS = YES_AGGRESSIVE;
				GCC_WARN_UNUSED_FUNCTION = YES;
				GCC_WARN_UNUSED_VARIABLE = YES;
				IPHONEOS_DEPLOYMENT_TARGET = 16.0;
				MTL_ENABLE_DEBUG_INFO = INCLUDE_SOURCE;
				MTL_FAST_MATH = YES;
				ONLY_ACTIVE_ARCH = YES;
				SDKROOT = iphoneos;
				SWIFT_ACTIVE_COMPILATION_CONDITIONS = DEBUG;
				SWIFT_OPTIMIZATION_LEVEL = "-Onone";
			};
			name = Debug;
		};
		75C0DBBF29020027007B98F6 /* Release */ = {
			isa = XCBuildConfiguration;
			buildSettings = {
				ALWAYS_SEARCH_USER_PATHS = NO;
				CLANG_ANALYZER_NONNULL = YES;
				CLANG_ANALYZER_NUMBER_OBJECT_CONVERSION = YES_AGGRESSIVE;
				CLANG_CXX_LANGUAGE_STANDARD = "gnu++20";
				CLANG_ENABLE_MODULES = YES;
				CLANG_ENABLE_OBJC_ARC = YES;
				CLANG_ENABLE_OBJC_WEAK = YES;
				CLANG_WARN_BLOCK_CAPTURE_AUTORELEASING = YES;
				CLANG_WARN_BOOL_CONVERSION = YES;
				CLANG_WARN_COMMA = YES;
				CLANG_WARN_CONSTANT_CONVERSION = YES;
				CLANG_WARN_DEPRECATED_OBJC_IMPLEMENTATIONS = YES;
				CLANG_WARN_DIRECT_OBJC_ISA_USAGE = YES_ERROR;
				CLANG_WARN_DOCUMENTATION_COMMENTS = YES;
				CLANG_WARN_EMPTY_BODY = YES;
				CLANG_WARN_ENUM_CONVERSION = YES;
				CLANG_WARN_INFINITE_RECURSION = YES;
				CLANG_WARN_INT_CONVERSION = YES;
				CLANG_WARN_NON_LITERAL_NULL_CONVERSION = YES;
				CLANG_WARN_OBJC_IMPLICIT_RETAIN_SELF = YES;
				CLANG_WARN_OBJC_LITERAL_CONVERSION = YES;
				CLANG_WARN_OBJC_ROOT_CLASS = YES_ERROR;
				CLANG_WARN_QUOTED_INCLUDE_IN_FRAMEWORK_HEADER = YES;
				CLANG_WARN_RANGE_LOOP_ANALYSIS = YES;
				CLANG_WARN_STRICT_PROTOTYPES = YES;
				CLANG_WARN_SUSPICIOUS_MOVE = YES;
				CLANG_WARN_UNGUARDED_AVAILABILITY = YES_AGGRESSIVE;
				CLANG_WARN_UNREACHABLE_CODE = YES;
				CLANG_WARN__DUPLICATE_METHOD_MATCH = YES;
				COPY_PHASE_STRIP = NO;
				DEBUG_INFORMATION_FORMAT = "dwarf-with-dsym";
				ENABLE_NS_ASSERTIONS = NO;
				ENABLE_STRICT_OBJC_MSGSEND = YES;
				GCC_C_LANGUAGE_STANDARD = gnu11;
				GCC_NO_COMMON_BLOCKS = YES;
				GCC_WARN_64_TO_32_BIT_CONVERSION = YES;
				GCC_WARN_ABOUT_RETURN_TYPE = YES_ERROR;
				GCC_WARN_UNDECLARED_SELECTOR = YES;
				GCC_WARN_UNINITIALIZED_AUTOS = YES_AGGRESSIVE;
				GCC_WARN_UNUSED_FUNCTION = YES;
				GCC_WARN_UNUSED_VARIABLE = YES;
				IPHONEOS_DEPLOYMENT_TARGET = 16.0;
				MTL_ENABLE_DEBUG_INFO = NO;
				MTL_FAST_MATH = YES;
				SDKROOT = iphoneos;
				SWIFT_COMPILATION_MODE = wholemodule;
				SWIFT_OPTIMIZATION_LEVEL = "-O";
				VALIDATE_PRODUCT = YES;
			};
			name = Release;
		};
		75C0DBC129020027007B98F6 /* Debug */ = {
			isa = XCBuildConfiguration;
			buildSettings = {
				ASSETCATALOG_COMPILER_APPICON_NAME = AppIcon;
				ASSETCATALOG_COMPILER_GLOBAL_ACCENT_COLOR_NAME = AccentColor;
				CODE_SIGN_STYLE = Automatic;
				CURRENT_PROJECT_VERSION = 1;
				DEVELOPMENT_TEAM = VM55LWG8PP;
				GENERATE_INFOPLIST_FILE = YES;
				INFOPLIST_FILE = "Netflix Clone/Info.plist";
				INFOPLIST_KEY_UIApplicationSupportsIndirectInputEvents = YES;
				INFOPLIST_KEY_UILaunchStoryboardName = LaunchScreen;
				INFOPLIST_KEY_UISupportedInterfaceOrientations_iPad = "UIInterfaceOrientationPortrait UIInterfaceOrientationPortraitUpsideDown UIInterfaceOrientationLandscapeLeft UIInterfaceOrientationLandscapeRight";
				INFOPLIST_KEY_UISupportedInterfaceOrientations_iPhone = "UIInterfaceOrientationPortrait UIInterfaceOrientationLandscapeLeft UIInterfaceOrientationLandscapeRight";
				LD_RUNPATH_SEARCH_PATHS = (
					"$(inherited)",
					"@executable_path/Frameworks",
				);
				MARKETING_VERSION = 1.0;
				PRODUCT_BUNDLE_IDENTIFIER = "com.elizeurs.Netflix-Clone";
				PRODUCT_NAME = "$(TARGET_NAME)";
				SWIFT_EMIT_LOC_STRINGS = YES;
				SWIFT_VERSION = 5.0;
				TARGETED_DEVICE_FAMILY = "1,2";
			};
			name = Debug;
		};
		75C0DBC229020027007B98F6 /* Release */ = {
			isa = XCBuildConfiguration;
			buildSettings = {
				ASSETCATALOG_COMPILER_APPICON_NAME = AppIcon;
				ASSETCATALOG_COMPILER_GLOBAL_ACCENT_COLOR_NAME = AccentColor;
				CODE_SIGN_STYLE = Automatic;
				CURRENT_PROJECT_VERSION = 1;
				DEVELOPMENT_TEAM = VM55LWG8PP;
				GENERATE_INFOPLIST_FILE = YES;
				INFOPLIST_FILE = "Netflix Clone/Info.plist";
				INFOPLIST_KEY_UIApplicationSupportsIndirectInputEvents = YES;
				INFOPLIST_KEY_UILaunchStoryboardName = LaunchScreen;
				INFOPLIST_KEY_UISupportedInterfaceOrientations_iPad = "UIInterfaceOrientationPortrait UIInterfaceOrientationPortraitUpsideDown UIInterfaceOrientationLandscapeLeft UIInterfaceOrientationLandscapeRight";
				INFOPLIST_KEY_UISupportedInterfaceOrientations_iPhone = "UIInterfaceOrientationPortrait UIInterfaceOrientationLandscapeLeft UIInterfaceOrientationLandscapeRight";
				LD_RUNPATH_SEARCH_PATHS = (
					"$(inherited)",
					"@executable_path/Frameworks",
				);
				MARKETING_VERSION = 1.0;
				PRODUCT_BUNDLE_IDENTIFIER = "com.elizeurs.Netflix-Clone";
				PRODUCT_NAME = "$(TARGET_NAME)";
				SWIFT_EMIT_LOC_STRINGS = YES;
				SWIFT_VERSION = 5.0;
				TARGETED_DEVICE_FAMILY = "1,2";
			};
			name = Release;
		};
/* End XCBuildConfiguration section */

/* Begin XCConfigurationList section */
		75C0DBA729020025007B98F6 /* Build configuration list for PBXProject "Netflix Clone" */ = {
			isa = XCConfigurationList;
			buildConfigurations = (
				75C0DBBE29020027007B98F6 /* Debug */,
				75C0DBBF29020027007B98F6 /* Release */,
			);
			defaultConfigurationIsVisible = 0;
			defaultConfigurationName = Release;
		};
		75C0DBC029020027007B98F6 /* Build configuration list for PBXNativeTarget "Netflix Clone" */ = {
			isa = XCConfigurationList;
			buildConfigurations = (
				75C0DBC129020027007B98F6 /* Debug */,
				75C0DBC229020027007B98F6 /* Release */,
			);
			defaultConfigurationIsVisible = 0;
			defaultConfigurationName = Release;
		};
/* End XCConfigurationList section */

/* Begin XCRemoteSwiftPackageReference section */
		75CD3F0729075C9B00061FE7 /* XCRemoteSwiftPackageReference "SDWebImage" */ = {
			isa = XCRemoteSwiftPackageReference;
			repositoryURL = "https://github.com/SDWebImage/SDWebImage";
			requirement = {
				branch = master;
				kind = branch;
			};
		};
/* End XCRemoteSwiftPackageReference section */

/* Begin XCSwiftPackageProductDependency section */
		75CD3F0829075C9B00061FE7 /* SDWebImage */ = {
			isa = XCSwiftPackageProductDependency;
			package = 75CD3F0729075C9B00061FE7 /* XCRemoteSwiftPackageReference "SDWebImage" */;
			productName = SDWebImage;
		};
		75CD3F0A29075C9B00061FE7 /* SDWebImageMapKit */ = {
			isa = XCSwiftPackageProductDependency;
			package = 75CD3F0729075C9B00061FE7 /* XCRemoteSwiftPackageReference "SDWebImage" */;
			productName = SDWebImageMapKit;
		};
/* End XCSwiftPackageProductDependency section */

/* Begin XCVersionGroup section */
		7552D7272911D74300162E17 /* NetflixCloneModel.xcdatamodeld */ = {
			isa = XCVersionGroup;
			children = (
				7552D7282911D74300162E17 /* NetflixCloneModel.xcdatamodel */,
			);
			currentVersion = 7552D7282911D74300162E17 /* NetflixCloneModel.xcdatamodel */;
			path = NetflixCloneModel.xcdatamodeld;
			sourceTree = "<group>";
			versionGroupType = wrapper.xcdatamodel;
		};
/* End XCVersionGroup section */
	};
	rootObject = 75C0DBA429020025007B98F6 /* Project object */;
}
